
Microsoft Visual Studio Solution File, Format Version 12.00
# Visual Studio Version 17
VisualStudioVersion = 17.4.33103.184
MinimumVisualStudioVersion = 10.0.40219.1
Project("{FAE04EC0-301F-11D3-BF4B-00C04F79EFBC}") = "Delegates", "Delegates\Delegates.csproj", "{DB50DDD5-4459-4202-B919-73D78F6C54E0}"
EndProject
Global
	GlobalSection(SolutionConfigurationPlatforms) = preSolution
		Debug|Any CPU = Debug|Any CPU
		Release|Any CPU = Release|Any CPU
	EndGlobalSection
	GlobalSection(ProjectConfigurationPlatforms) = postSolution
		{DB50DDD5-4459-4202-B919-73D78F6C54E0}.Debug|Any CPU.ActiveCfg = Debug|Any CPU
		{DB50DDD5-4459-4202-B919-73D78F6C54E0}.Debug|Any CPU.Build.0 = Debug|Any CPU
		{DB50DDD5-4459-4202-B919-73D78F6C54E0}.Release|Any CPU.ActiveCfg = Release|Any CPU
		{DB50DDD5-4459-4202-B919-73D78F6C54E0}.Release|Any CPU.Build.0 = Release|Any CPU
	EndGlobalSection
	GlobalSection(SolutionProperties) = preSolution
		HideSolutionNode = FALSE
	EndGlobalSection
	GlobalSection(ExtensibilityGlobals) = postSolution
		SolutionGuid = {5E23E928-2903-4EE9-B4B3-FDCCA53E9346}
	EndGlobalSection
EndGlobal
