
Microsoft Visual Studio Solution File, Format Version 12.00
# Visual Studio Version 17
VisualStudioVersion = 17.4.33103.184
MinimumVisualStudioVersion = 10.0.40219.1
Project("{9A19103F-16F7-4668-BE54-9A1E7A4F7556}") = "Method_Overriding", "Method_Overriding\Method_Overriding.csproj", "{E3D75396-A930-4305-8B4A-F2FA8BBE2689}"
EndProject
Project("{9A19103F-16F7-4668-BE54-9A1E7A4F7556}") = "Abstract_Classes_And_Members", "Abstract_Classes_And_Members\Abstract_Classes_And_Members.csproj", "{9B089EDF-DCAB-4F91-9D0A-01FD75EC3308}"
EndProject
Project("{FAE04EC0-301F-11D3-BF4B-00C04F79EFBC}") = "Sealed_Classes_And_Members", "Sealed_Classes_And_Members\Sealed_Classes_And_Members.csproj", "{6A0E6B66-132C-46FF-9516-26FBC13AFCB6}"
EndProject
Global
	GlobalSection(SolutionConfigurationPlatforms) = preSolution
		Debug|Any CPU = Debug|Any CPU
		Release|Any CPU = Release|Any CPU
	EndGlobalSection
	GlobalSection(ProjectConfigurationPlatforms) = postSolution
		{E3D75396-A930-4305-8B4A-F2FA8BBE2689}.Debug|Any CPU.ActiveCfg = Debug|Any CPU
		{E3D75396-A930-4305-8B4A-F2FA8BBE2689}.Debug|Any CPU.Build.0 = Debug|Any CPU
		{E3D75396-A930-4305-8B4A-F2FA8BBE2689}.Release|Any CPU.ActiveCfg = Release|Any CPU
		{E3D75396-A930-4305-8B4A-F2FA8BBE2689}.Release|Any CPU.Build.0 = Release|Any CPU
		{9B089EDF-DCAB-4F91-9D0A-01FD75EC3308}.Debug|Any CPU.ActiveCfg = Debug|Any CPU
		{9B089EDF-DCAB-4F91-9D0A-01FD75EC3308}.Debug|Any CPU.Build.0 = Debug|Any CPU
		{9B089EDF-DCAB-4F91-9D0A-01FD75EC3308}.Release|Any CPU.ActiveCfg = Release|Any CPU
		{9B089EDF-DCAB-4F91-9D0A-01FD75EC3308}.Release|Any CPU.Build.0 = Release|Any CPU
		{6A0E6B66-132C-46FF-9516-26FBC13AFCB6}.Debug|Any CPU.ActiveCfg = Debug|Any CPU
		{6A0E6B66-132C-46FF-9516-26FBC13AFCB6}.Debug|Any CPU.Build.0 = Debug|Any CPU
		{6A0E6B66-132C-46FF-9516-26FBC13AFCB6}.Release|Any CPU.ActiveCfg = Release|Any CPU
		{6A0E6B66-132C-46FF-9516-26FBC13AFCB6}.Release|Any CPU.Build.0 = Release|Any CPU
	EndGlobalSection
	GlobalSection(SolutionProperties) = preSolution
		HideSolutionNode = FALSE
	EndGlobalSection
	GlobalSection(ExtensibilityGlobals) = postSolution
		SolutionGuid = {A0E3D809-1C5D-4E78-8836-30C34E0B4B55}
	EndGlobalSection
EndGlobal
