
Microsoft Visual Studio Solution File, Format Version 12.00
# Visual Studio Version 17
VisualStudioVersion = 17.4.33103.184
MinimumVisualStudioVersion = 10.0.40219.1
Project("{9A19103F-16F7-4668-BE54-9A1E7A4F7556}") = "Delegates", "Delegates\Delegates.csproj", "{510E8F57-1A67-4DD6-8426-3E32C3A71B83}"
EndProject
Project("{9A19103F-16F7-4668-BE54-9A1E7A4F7556}") = "Multicast_Delegates", "Multicast_Delegates\Multicast_Delegates.csproj", "{0951663A-897D-4373-8753-4DBF6586D703}"
EndProject
Project("{FAE04EC0-301F-11D3-BF4B-00C04F79EFBC}") = "Delegates_Part0", "Delegates_Part0\Delegates_Part0.csproj", "{6FBAF99A-A80B-4D72-AC8C-BC76ADE9238E}"
EndProject
Global
	GlobalSection(SolutionConfigurationPlatforms) = preSolution
		Debug|Any CPU = Debug|Any CPU
		Release|Any CPU = Release|Any CPU
	EndGlobalSection
	GlobalSection(ProjectConfigurationPlatforms) = postSolution
		{510E8F57-1A67-4DD6-8426-3E32C3A71B83}.Debug|Any CPU.ActiveCfg = Debug|Any CPU
		{510E8F57-1A67-4DD6-8426-3E32C3A71B83}.Debug|Any CPU.Build.0 = Debug|Any CPU
		{510E8F57-1A67-4DD6-8426-3E32C3A71B83}.Release|Any CPU.ActiveCfg = Release|Any CPU
		{510E8F57-1A67-4DD6-8426-3E32C3A71B83}.Release|Any CPU.Build.0 = Release|Any CPU
		{0951663A-897D-4373-8753-4DBF6586D703}.Debug|Any CPU.ActiveCfg = Debug|Any CPU
		{0951663A-897D-4373-8753-4DBF6586D703}.Debug|Any CPU.Build.0 = Debug|Any CPU
		{0951663A-897D-4373-8753-4DBF6586D703}.Release|Any CPU.ActiveCfg = Release|Any CPU
		{0951663A-897D-4373-8753-4DBF6586D703}.Release|Any CPU.Build.0 = Release|Any CPU
		{6FBAF99A-A80B-4D72-AC8C-BC76ADE9238E}.Debug|Any CPU.ActiveCfg = Debug|Any CPU
		{6FBAF99A-A80B-4D72-AC8C-BC76ADE9238E}.Debug|Any CPU.Build.0 = Debug|Any CPU
		{6FBAF99A-A80B-4D72-AC8C-BC76ADE9238E}.Release|Any CPU.ActiveCfg = Release|Any CPU
		{6FBAF99A-A80B-4D72-AC8C-BC76ADE9238E}.Release|Any CPU.Build.0 = Release|Any CPU
	EndGlobalSection
	GlobalSection(SolutionProperties) = preSolution
		HideSolutionNode = FALSE
	EndGlobalSection
	GlobalSection(ExtensibilityGlobals) = postSolution
		SolutionGuid = {8D5235C9-1FD5-445B-9C41-1B200FFFE16E}
	EndGlobalSection
EndGlobal
