
Microsoft Visual Studio Solution File, Format Version 12.00
# Visual Studio Version 17
VisualStudioVersion = 17.4.33103.184
MinimumVisualStudioVersion = 10.0.40219.1
Project("{9A19103F-16F7-4668-BE54-9A1E7A4F7556}") = "Events_Part1", "Events_Part1\Events_Part1.csproj", "{1F11A359-4FFD-4EFA-804C-20B9D3461A50}"
EndProject
Project("{FAE04EC0-301F-11D3-BF4B-00C04F79EFBC}") = "Events_Part2", "Events_Part2\Events_Part2.csproj", "{48B9E978-ADD7-489B-BC97-FD292913E7D4}"
EndProject
Global
	GlobalSection(SolutionConfigurationPlatforms) = preSolution
		Debug|Any CPU = Debug|Any CPU
		Release|Any CPU = Release|Any CPU
	EndGlobalSection
	GlobalSection(ProjectConfigurationPlatforms) = postSolution
		{1F11A359-4FFD-4EFA-804C-20B9D3461A50}.Debug|Any CPU.ActiveCfg = Debug|Any CPU
		{1F11A359-4FFD-4EFA-804C-20B9D3461A50}.Debug|Any CPU.Build.0 = Debug|Any CPU
		{1F11A359-4FFD-4EFA-804C-20B9D3461A50}.Release|Any CPU.ActiveCfg = Release|Any CPU
		{1F11A359-4FFD-4EFA-804C-20B9D3461A50}.Release|Any CPU.Build.0 = Release|Any CPU
		{48B9E978-ADD7-489B-BC97-FD292913E7D4}.Debug|Any CPU.ActiveCfg = Debug|Any CPU
		{48B9E978-ADD7-489B-BC97-FD292913E7D4}.Debug|Any CPU.Build.0 = Debug|Any CPU
		{48B9E978-ADD7-489B-BC97-FD292913E7D4}.Release|Any CPU.ActiveCfg = Release|Any CPU
		{48B9E978-ADD7-489B-BC97-FD292913E7D4}.Release|Any CPU.Build.0 = Release|Any CPU
	EndGlobalSection
	GlobalSection(SolutionProperties) = preSolution
		HideSolutionNode = FALSE
	EndGlobalSection
	GlobalSection(ExtensibilityGlobals) = postSolution
		SolutionGuid = {AF9F2340-A318-4081-9836-E5DE98DAF5EB}
	EndGlobalSection
EndGlobal
