
Microsoft Visual Studio Solution File, Format Version 12.00
# Visual Studio Version 17
VisualStudioVersion = 17.4.33103.184
MinimumVisualStudioVersion = 10.0.40219.1
Project("{FAE04EC0-301F-11D3-BF4B-00C04F79EFBC}") = "Func,_Action_Predicate_Delegates", "Func,_Action_Predicate_Delegates\Func,_Action_Predicate_Delegates.csproj", "{7205312A-5A36-46A3-805C-B223A82A8405}"
EndProject
Global
	GlobalSection(SolutionConfigurationPlatforms) = preSolution
		Debug|Any CPU = Debug|Any CPU
		Release|Any CPU = Release|Any CPU
	EndGlobalSection
	GlobalSection(ProjectConfigurationPlatforms) = postSolution
		{7205312A-5A36-46A3-805C-B223A82A8405}.Debug|Any CPU.ActiveCfg = Debug|Any CPU
		{7205312A-5A36-46A3-805C-B223A82A8405}.Debug|Any CPU.Build.0 = Debug|Any CPU
		{7205312A-5A36-46A3-805C-B223A82A8405}.Release|Any CPU.ActiveCfg = Release|Any CPU
		{7205312A-5A36-46A3-805C-B223A82A8405}.Release|Any CPU.Build.0 = Release|Any CPU
	EndGlobalSection
	GlobalSection(SolutionProperties) = preSolution
		HideSolutionNode = FALSE
	EndGlobalSection
	GlobalSection(ExtensibilityGlobals) = postSolution
		SolutionGuid = {CCBE0CEE-4678-410A-A597-650D28D4C930}
	EndGlobalSection
EndGlobal
