
Microsoft Visual Studio Solution File, Format Version 12.00
# Visual Studio Version 17
VisualStudioVersion = 17.4.33103.184
MinimumVisualStudioVersion = 10.0.40219.1
Project("{9A19103F-16F7-4668-BE54-9A1E7A4F7556}") = "Class_Coupling", "Class_Coupling\Class_Coupling.csproj", "{FE7BD89A-10A6-4279-BE3F-215587154E97}"
EndProject
Project("{FAE04EC0-301F-11D3-BF4B-00C04F79EFBC}") = "Inheritance", "Inheritance\Inheritance.csproj", "{7415C4B6-C800-472C-B438-B65D7D0280C1}"
EndProject
Project("{FAE04EC0-301F-11D3-BF4B-00C04F79EFBC}") = "Composition", "Composition\Composition.csproj", "{DD7D194F-2EB6-4299-94E0-556BE44BF854}"
EndProject
Global
	GlobalSection(SolutionConfigurationPlatforms) = preSolution
		Debug|Any CPU = Debug|Any CPU
		Release|Any CPU = Release|Any CPU
	EndGlobalSection
	GlobalSection(ProjectConfigurationPlatforms) = postSolution
		{FE7BD89A-10A6-4279-BE3F-215587154E97}.Debug|Any CPU.ActiveCfg = Debug|Any CPU
		{FE7BD89A-10A6-4279-BE3F-215587154E97}.Debug|Any CPU.Build.0 = Debug|Any CPU
		{FE7BD89A-10A6-4279-BE3F-215587154E97}.Release|Any CPU.ActiveCfg = Release|Any CPU
		{FE7BD89A-10A6-4279-BE3F-215587154E97}.Release|Any CPU.Build.0 = Release|Any CPU
		{7415C4B6-C800-472C-B438-B65D7D0280C1}.Debug|Any CPU.ActiveCfg = Debug|Any CPU
		{7415C4B6-C800-472C-B438-B65D7D0280C1}.Debug|Any CPU.Build.0 = Debug|Any CPU
		{7415C4B6-C800-472C-B438-B65D7D0280C1}.Release|Any CPU.ActiveCfg = Release|Any CPU
		{7415C4B6-C800-472C-B438-B65D7D0280C1}.Release|Any CPU.Build.0 = Release|Any CPU
		{DD7D194F-2EB6-4299-94E0-556BE44BF854}.Debug|Any CPU.ActiveCfg = Debug|Any CPU
		{DD7D194F-2EB6-4299-94E0-556BE44BF854}.Debug|Any CPU.Build.0 = Debug|Any CPU
		{DD7D194F-2EB6-4299-94E0-556BE44BF854}.Release|Any CPU.ActiveCfg = Release|Any CPU
		{DD7D194F-2EB6-4299-94E0-556BE44BF854}.Release|Any CPU.Build.0 = Release|Any CPU
	EndGlobalSection
	GlobalSection(SolutionProperties) = preSolution
		HideSolutionNode = FALSE
	EndGlobalSection
	GlobalSection(ExtensibilityGlobals) = postSolution
		SolutionGuid = {DB77E572-5A0F-4086-8563-6EE62154990D}
	EndGlobalSection
EndGlobal
