
Microsoft Visual Studio Solution File, Format Version 12.00
# Visual Studio Version 17
VisualStudioVersion = 17.4.33103.184
MinimumVisualStudioVersion = 10.0.40219.1
Project("{FAE04EC0-301F-11D3-BF4B-00C04F79EFBC}") = "Interfaces_Part1", "Interfaces_Part1\Interfaces_Part1.csproj", "{A4294F40-6089-4DF7-9E73-8B5898250F0E}"
EndProject
Project("{FAE04EC0-301F-11D3-BF4B-00C04F79EFBC}") = "Interfaces_Part2", "Interfaces_Part2\Interfaces_Part2.csproj", "{094661E2-07E0-4398-8559-00035C5867A3}"
EndProject
Global
	GlobalSection(SolutionConfigurationPlatforms) = preSolution
		Debug|Any CPU = Debug|Any CPU
		Release|Any CPU = Release|Any CPU
	EndGlobalSection
	GlobalSection(ProjectConfigurationPlatforms) = postSolution
		{A4294F40-6089-4DF7-9E73-8B5898250F0E}.Debug|Any CPU.ActiveCfg = Debug|Any CPU
		{A4294F40-6089-4DF7-9E73-8B5898250F0E}.Debug|Any CPU.Build.0 = Debug|Any CPU
		{A4294F40-6089-4DF7-9E73-8B5898250F0E}.Release|Any CPU.ActiveCfg = Release|Any CPU
		{A4294F40-6089-4DF7-9E73-8B5898250F0E}.Release|Any CPU.Build.0 = Release|Any CPU
		{094661E2-07E0-4398-8559-00035C5867A3}.Debug|Any CPU.ActiveCfg = Debug|Any CPU
		{094661E2-07E0-4398-8559-00035C5867A3}.Debug|Any CPU.Build.0 = Debug|Any CPU
		{094661E2-07E0-4398-8559-00035C5867A3}.Release|Any CPU.ActiveCfg = Release|Any CPU
		{094661E2-07E0-4398-8559-00035C5867A3}.Release|Any CPU.Build.0 = Release|Any CPU
	EndGlobalSection
	GlobalSection(SolutionProperties) = preSolution
		HideSolutionNode = FALSE
	EndGlobalSection
	GlobalSection(ExtensibilityGlobals) = postSolution
		SolutionGuid = {E91E34DC-DDF8-4335-902B-4AC93717C6B6}
	EndGlobalSection
EndGlobal
