
Microsoft Visual Studio Solution File, Format Version 12.00
# Visual Studio Version 17
VisualStudioVersion = 17.4.33103.184
MinimumVisualStudioVersion = 10.0.40219.1
Project("{FAE04EC0-301F-11D3-BF4B-00C04F79EFBC}") = "Local_Functions", "Local_Functions\Local_Functions.csproj", "{A291D367-6395-406C-85C0-9A2BB376209E}"
EndProject
Global
	GlobalSection(SolutionConfigurationPlatforms) = preSolution
		Debug|Any CPU = Debug|Any CPU
		Release|Any CPU = Release|Any CPU
	EndGlobalSection
	GlobalSection(ProjectConfigurationPlatforms) = postSolution
		{A291D367-6395-406C-85C0-9A2BB376209E}.Debug|Any CPU.ActiveCfg = Debug|Any CPU
		{A291D367-6395-406C-85C0-9A2BB376209E}.Debug|Any CPU.Build.0 = Debug|Any CPU
		{A291D367-6395-406C-85C0-9A2BB376209E}.Release|Any CPU.ActiveCfg = Release|Any CPU
		{A291D367-6395-406C-85C0-9A2BB376209E}.Release|Any CPU.Build.0 = Release|Any CPU
	EndGlobalSection
	GlobalSection(SolutionProperties) = preSolution
		HideSolutionNode = FALSE
	EndGlobalSection
	GlobalSection(ExtensibilityGlobals) = postSolution
		SolutionGuid = {6D1B7CF4-78AF-49E1-9EEB-D07816EDD882}
	EndGlobalSection
EndGlobal
