
Microsoft Visual Studio Solution File, Format Version 12.00
# Visual Studio Version 17
VisualStudioVersion = 17.3.32901.215
MinimumVisualStudioVersion = 10.0.40219.1
Project("{2150E333-8FDC-42A3-9474-1A3956D46DE8}") = "Collections", "Collections", "{80A6AF8F-0178-4CAD-A448-4431A8036672}"
EndProject
Project("{2150E333-8FDC-42A3-9474-1A3956D46DE8}") = "Delegates", "Delegates", "{DC3BAF01-A736-40AA-AEB5-F36658F0D5A2}"
EndProject
Project("{2150E333-8FDC-42A3-9474-1A3956D46DE8}") = "Exceptions", "Exceptions", "{34AECFA1-0910-4420-9B5A-953211EC3F7E}"
EndProject
Project("{9A19103F-16F7-4668-BE54-9A1E7A4F7556}") = "List_Collection_Class", "Collections\List_Collection_Class\List_Collection_Class.csproj", "{A0D2C70A-7211-4D10-B344-DDD35C86E3BB}"
EndProject
Project("{9A19103F-16F7-4668-BE54-9A1E7A4F7556}") = "List_Collection_Class_Test2", "Collections\List_Collection_Class_Test2\List_Collection_Class_Test2.csproj", "{DBF314EA-20AC-4751-A133-EC1E707BC5A8}"
EndProject
Project("{9A19103F-16F7-4668-BE54-9A1E7A4F7556}") = "What_Is_Dictionary", "Collections\What_Is_Dictionary\What_Is_Dictionary.csproj", "{820937D9-E90C-41B1-B665-7A8333010242}"
EndProject
Project("{9A19103F-16F7-4668-BE54-9A1E7A4F7556}") = "Delegates_In_Csharp", "Delegates\Delegates_In_Csharp\Delegates_In_Csharp.csproj", "{02CA9341-A892-4FF5-A540-50D8AB0B0525}"
EndProject
Project("{9A19103F-16F7-4668-BE54-9A1E7A4F7556}") = "Delegates_Usage", "Delegates\Delegates_Usage\Delegates_Usage.csproj", "{2F958F2F-05A7-45EA-B4AD-65C279B51EA5}"
EndProject
Project("{9A19103F-16F7-4668-BE54-9A1E7A4F7556}") = "Multicast_Delegates", "Delegates\Multicast_Delegates\Multicast_Delegates.csproj", "{68B72766-D703-42C2-A59C-34C5B96324BD}"
EndProject
Project("{9A19103F-16F7-4668-BE54-9A1E7A4F7556}") = "Custom_Exceptions", "Exceptions\Custom_Exceptions\Custom_Exceptions.csproj", "{63375A88-5C47-4DB2-BBC0-6A818116AF19}"
EndProject
Project("{9A19103F-16F7-4668-BE54-9A1E7A4F7556}") = "Exception_Handling", "Exceptions\Exception_Handling\Exception_Handling.csproj", "{B56220E9-2914-4E17-992D-F593BE9D7DA7}"
EndProject
Project("{9A19103F-16F7-4668-BE54-9A1E7A4F7556}") = "Exception_Handling_Abuse", "Exceptions\Exception_Handling_Abuse\Exception_Handling_Abuse.csproj", "{B9DD0E81-F820-47FA-A2BE-D238B076E851}"
EndProject
Project("{9A19103F-16F7-4668-BE54-9A1E7A4F7556}") = "Exception_Handling_Abuse_Solved", "Exceptions\Exception_Handling_Abuse_Solved\Exception_Handling_Abuse_Solved.csproj", "{C673817A-383D-4211-83E8-E5A71A25551E}"
EndProject
Project("{9A19103F-16F7-4668-BE54-9A1E7A4F7556}") = "Inner_Exceptions", "Exceptions\Inner_Exceptions\Inner_Exceptions.csproj", "{097493A7-BBCE-4293-AF11-00EFD59133AF}"
EndProject
Project("{9A19103F-16F7-4668-BE54-9A1E7A4F7556}") = "List_Collection_Class_Test3", "Collections\List_Collection_Class_Test3\List_Collection_Class_Test3.csproj", "{70039618-07F5-4063-B73D-2FCC46B708A4}"
EndProject
Project("{9A19103F-16F7-4668-BE54-9A1E7A4F7556}") = "Sorting_List_Of_Simple_Types", "Collections\Sorting_List_Of_Simple_Types\Sorting_List_Of_Simple_Types.csproj", "{1817E6EB-E2E7-4C4A-BD94-6CF3FA0E7681}"
EndProject
Project("{9A19103F-16F7-4668-BE54-9A1E7A4F7556}") = "Sorting_List_Of_Complex_Types", "Collections\Sorting_List_Of_Complex_Types\Sorting_List_Of_Complex_Types.csproj", "{30E682A5-9BF6-4434-BB27-EACDC3231D1C}"
EndProject
Project("{9A19103F-16F7-4668-BE54-9A1E7A4F7556}") = "Sorting_List_Of_Complex_Types_Using_Comparison_Delegate", "Collections\Sorting_List_Of_Complex_Types_Using_Comparison_Delegate\Sorting_List_Of_Complex_Types_Using_Comparison_Delegate.csproj", "{D9D81551-2229-4EFE-B658-DC9B150BF414}"
EndProject
Project("{9A19103F-16F7-4668-BE54-9A1E7A4F7556}") = "Some_Useful_Methods_Of_List_Collection_Class", "Collections\Some_Useful_Methods_Of_List_Collection_Class\Some_Useful_Methods_Of_List_Collection_Class.csproj", "{A715E1A6-FD0C-45B8-9C6C-6D08D67887A0}"
EndProject
Project("{9A19103F-16F7-4668-BE54-9A1E7A4F7556}") = "When_To_Use_A_Dictionary_Over_List", "Collections\When_To_Use_A_Dictionary_Over_List\When_To_Use_A_Dictionary_Over_List.csproj", "{748E8743-2ED9-4609-9066-8C9E5821851F}"
EndProject
Project("{9A19103F-16F7-4668-BE54-9A1E7A4F7556}") = "Generic_Queue_Collection_Class", "Collections\Generic_Queue_Collection_Class\Generic_Queue_Collection_Class.csproj", "{E719A468-915E-4FD2-8DF0-6F89EEE34B6B}"
EndProject
Project("{9A19103F-16F7-4668-BE54-9A1E7A4F7556}") = "Generic_Stack_Collection_Class", "Collections\Generic_Stack_Collection_Class\Generic_Stack_Collection_Class.csproj", "{6DFD7EEB-57CA-42EA-82D0-D3B14C45DDFF}"
EndProject
Project("{FAE04EC0-301F-11D3-BF4B-00C04F79EFBC}") = "Web_Form_Using_Dictionnary", "Collections\Web_Form_Using_Dictionnary\Web_Form_Using_Dictionnary.csproj", "{88031C6C-50C6-4705-8214-4E42EE6257B7}"
EndProject
Project("{FAE04EC0-301F-11D3-BF4B-00C04F79EFBC}") = "Web_Form_Using_Queue", "Collections\Web_Form_Using_Queue\Web_Form_Using_Queue.csproj", "{C10AC2C8-91AC-4ED5-9143-B137F97B30D3}"
EndProject
Project("{2150E333-8FDC-42A3-9474-1A3956D46DE8}") = "Linq", "Linq", "{A44AA456-BA56-4CD9-A3C5-AB57E1EA41E8}"
EndProject
Project("{9A19103F-16F7-4668-BE54-9A1E7A4F7556}") = "Linq_For_Lists_Sorting_Filtering_And_Aggregating_Lists_Easily", "Linq\Linq_For_Lists_Sorting_Filtering_And_Aggregating_Lists_Easily\Linq_For_Lists_Sorting_Filtering_And_Aggregating_Lists_Easily.csproj", "{CB22A0B4-AFA3-46E0-B080-AA1600BC6FA0}"
EndProject
Project("{9A19103F-16F7-4668-BE54-9A1E7A4F7556}") = "Linq_Form_App", "Linq\Linq_Form_App\Linq_Form_App.csproj", "{84714F8B-7491-4E82-8472-571CF35FB55E}"
EndProject
Project("{2150E333-8FDC-42A3-9474-1A3956D46DE8}") = "Generics", "Generics", "{7BE5345C-A75F-4D36-ACF0-9F0BFBCCD07D}"
EndProject
Project("{FAE04EC0-301F-11D3-BF4B-00C04F79EFBC}") = "Test1", "Generics\Test1\Test1.csproj", "{E5FB1D76-3067-4447-881B-8CEA20FD7BE5}"
EndProject
Project("{FAE04EC0-301F-11D3-BF4B-00C04F79EFBC}") = "Test2", "Generics\Test2\Test2.csproj", "{84B39F44-9978-436E-81D9-12967C0B318B}"
EndProject
Project("{FAE04EC0-301F-11D3-BF4B-00C04F79EFBC}") = "Test3", "Generics\Test3\Test3.csproj", "{9BD7E45D-8F08-4A0D-AF5A-DB9AD99ED14F}"
EndProject
Project("{FAE04EC0-301F-11D3-BF4B-00C04F79EFBC}") = "Generics_Whats_And_Whys", "Generics\Generics_Whats_And_Whys\Generics_Whats_And_Whys.csproj", "{B59E5595-C53A-40A2-BC5A-E47316E92F4F}"
EndProject
Project("{FAE04EC0-301F-11D3-BF4B-00C04F79EFBC}") = "Generics_Part1", "Generics\Generics_Part1\Generics_Part1.csproj", "{D707D435-C29E-47FC-B1A2-716A6E3768F1}"
EndProject
Project("{FAE04EC0-301F-11D3-BF4B-00C04F79EFBC}") = "Generics_Part2", "Generics\Generics_Part2\Generics_Part2.csproj", "{8C0C5406-C747-4238-ABFD-DCFAA59AC008}"
EndProject
Global
	GlobalSection(SolutionConfigurationPlatforms) = preSolution
		Debug|Any CPU = Debug|Any CPU
		Release|Any CPU = Release|Any CPU
	EndGlobalSection
	GlobalSection(ProjectConfigurationPlatforms) = postSolution
		{A0D2C70A-7211-4D10-B344-DDD35C86E3BB}.Debug|Any CPU.ActiveCfg = Debug|Any CPU
		{A0D2C70A-7211-4D10-B344-DDD35C86E3BB}.Debug|Any CPU.Build.0 = Debug|Any CPU
		{A0D2C70A-7211-4D10-B344-DDD35C86E3BB}.Release|Any CPU.ActiveCfg = Release|Any CPU
		{A0D2C70A-7211-4D10-B344-DDD35C86E3BB}.Release|Any CPU.Build.0 = Release|Any CPU
		{DBF314EA-20AC-4751-A133-EC1E707BC5A8}.Debug|Any CPU.ActiveCfg = Debug|Any CPU
		{DBF314EA-20AC-4751-A133-EC1E707BC5A8}.Debug|Any CPU.Build.0 = Debug|Any CPU
		{DBF314EA-20AC-4751-A133-EC1E707BC5A8}.Release|Any CPU.ActiveCfg = Release|Any CPU
		{DBF314EA-20AC-4751-A133-EC1E707BC5A8}.Release|Any CPU.Build.0 = Release|Any CPU
		{820937D9-E90C-41B1-B665-7A8333010242}.Debug|Any CPU.ActiveCfg = Debug|Any CPU
		{820937D9-E90C-41B1-B665-7A8333010242}.Debug|Any CPU.Build.0 = Debug|Any CPU
		{820937D9-E90C-41B1-B665-7A8333010242}.Release|Any CPU.ActiveCfg = Release|Any CPU
		{820937D9-E90C-41B1-B665-7A8333010242}.Release|Any CPU.Build.0 = Release|Any CPU
		{02CA9341-A892-4FF5-A540-50D8AB0B0525}.Debug|Any CPU.ActiveCfg = Debug|Any CPU
		{02CA9341-A892-4FF5-A540-50D8AB0B0525}.Debug|Any CPU.Build.0 = Debug|Any CPU
		{02CA9341-A892-4FF5-A540-50D8AB0B0525}.Release|Any CPU.ActiveCfg = Release|Any CPU
		{02CA9341-A892-4FF5-A540-50D8AB0B0525}.Release|Any CPU.Build.0 = Release|Any CPU
		{2F958F2F-05A7-45EA-B4AD-65C279B51EA5}.Debug|Any CPU.ActiveCfg = Debug|Any CPU
		{2F958F2F-05A7-45EA-B4AD-65C279B51EA5}.Debug|Any CPU.Build.0 = Debug|Any CPU
		{2F958F2F-05A7-45EA-B4AD-65C279B51EA5}.Release|Any CPU.ActiveCfg = Release|Any CPU
		{2F958F2F-05A7-45EA-B4AD-65C279B51EA5}.Release|Any CPU.Build.0 = Release|Any CPU
		{68B72766-D703-42C2-A59C-34C5B96324BD}.Debug|Any CPU.ActiveCfg = Debug|Any CPU
		{68B72766-D703-42C2-A59C-34C5B96324BD}.Debug|Any CPU.Build.0 = Debug|Any CPU
		{68B72766-D703-42C2-A59C-34C5B96324BD}.Release|Any CPU.ActiveCfg = Release|Any CPU
		{68B72766-D703-42C2-A59C-34C5B96324BD}.Release|Any CPU.Build.0 = Release|Any CPU
		{63375A88-5C47-4DB2-BBC0-6A818116AF19}.Debug|Any CPU.ActiveCfg = Debug|Any CPU
		{63375A88-5C47-4DB2-BBC0-6A818116AF19}.Debug|Any CPU.Build.0 = Debug|Any CPU
		{63375A88-5C47-4DB2-BBC0-6A818116AF19}.Release|Any CPU.ActiveCfg = Release|Any CPU
		{63375A88-5C47-4DB2-BBC0-6A818116AF19}.Release|Any CPU.Build.0 = Release|Any CPU
		{B56220E9-2914-4E17-992D-F593BE9D7DA7}.Debug|Any CPU.ActiveCfg = Debug|Any CPU
		{B56220E9-2914-4E17-992D-F593BE9D7DA7}.Debug|Any CPU.Build.0 = Debug|Any CPU
		{B56220E9-2914-4E17-992D-F593BE9D7DA7}.Release|Any CPU.ActiveCfg = Release|Any CPU
		{B56220E9-2914-4E17-992D-F593BE9D7DA7}.Release|Any CPU.Build.0 = Release|Any CPU
		{B9DD0E81-F820-47FA-A2BE-D238B076E851}.Debug|Any CPU.ActiveCfg = Debug|Any CPU
		{B9DD0E81-F820-47FA-A2BE-D238B076E851}.Debug|Any CPU.Build.0 = Debug|Any CPU
		{B9DD0E81-F820-47FA-A2BE-D238B076E851}.Release|Any CPU.ActiveCfg = Release|Any CPU
		{B9DD0E81-F820-47FA-A2BE-D238B076E851}.Release|Any CPU.Build.0 = Release|Any CPU
		{C673817A-383D-4211-83E8-E5A71A25551E}.Debug|Any CPU.ActiveCfg = Debug|Any CPU
		{C673817A-383D-4211-83E8-E5A71A25551E}.Debug|Any CPU.Build.0 = Debug|Any CPU
		{C673817A-383D-4211-83E8-E5A71A25551E}.Release|Any CPU.ActiveCfg = Release|Any CPU
		{C673817A-383D-4211-83E8-E5A71A25551E}.Release|Any CPU.Build.0 = Release|Any CPU
		{097493A7-BBCE-4293-AF11-00EFD59133AF}.Debug|Any CPU.ActiveCfg = Debug|Any CPU
		{097493A7-BBCE-4293-AF11-00EFD59133AF}.Debug|Any CPU.Build.0 = Debug|Any CPU
		{097493A7-BBCE-4293-AF11-00EFD59133AF}.Release|Any CPU.ActiveCfg = Release|Any CPU
		{097493A7-BBCE-4293-AF11-00EFD59133AF}.Release|Any CPU.Build.0 = Release|Any CPU
		{70039618-07F5-4063-B73D-2FCC46B708A4}.Debug|Any CPU.ActiveCfg = Debug|Any CPU
		{70039618-07F5-4063-B73D-2FCC46B708A4}.Debug|Any CPU.Build.0 = Debug|Any CPU
		{70039618-07F5-4063-B73D-2FCC46B708A4}.Release|Any CPU.ActiveCfg = Release|Any CPU
		{70039618-07F5-4063-B73D-2FCC46B708A4}.Release|Any CPU.Build.0 = Release|Any CPU
		{1817E6EB-E2E7-4C4A-BD94-6CF3FA0E7681}.Debug|Any CPU.ActiveCfg = Debug|Any CPU
		{1817E6EB-E2E7-4C4A-BD94-6CF3FA0E7681}.Debug|Any CPU.Build.0 = Debug|Any CPU
		{1817E6EB-E2E7-4C4A-BD94-6CF3FA0E7681}.Release|Any CPU.ActiveCfg = Release|Any CPU
		{1817E6EB-E2E7-4C4A-BD94-6CF3FA0E7681}.Release|Any CPU.Build.0 = Release|Any CPU
		{30E682A5-9BF6-4434-BB27-EACDC3231D1C}.Debug|Any CPU.ActiveCfg = Debug|Any CPU
		{30E682A5-9BF6-4434-BB27-EACDC3231D1C}.Debug|Any CPU.Build.0 = Debug|Any CPU
		{30E682A5-9BF6-4434-BB27-EACDC3231D1C}.Release|Any CPU.ActiveCfg = Release|Any CPU
		{30E682A5-9BF6-4434-BB27-EACDC3231D1C}.Release|Any CPU.Build.0 = Release|Any CPU
		{D9D81551-2229-4EFE-B658-DC9B150BF414}.Debug|Any CPU.ActiveCfg = Debug|Any CPU
		{D9D81551-2229-4EFE-B658-DC9B150BF414}.Debug|Any CPU.Build.0 = Debug|Any CPU
		{D9D81551-2229-4EFE-B658-DC9B150BF414}.Release|Any CPU.ActiveCfg = Release|Any CPU
		{D9D81551-2229-4EFE-B658-DC9B150BF414}.Release|Any CPU.Build.0 = Release|Any CPU
		{A715E1A6-FD0C-45B8-9C6C-6D08D67887A0}.Debug|Any CPU.ActiveCfg = Debug|Any CPU
		{A715E1A6-FD0C-45B8-9C6C-6D08D67887A0}.Debug|Any CPU.Build.0 = Debug|Any CPU
		{A715E1A6-FD0C-45B8-9C6C-6D08D67887A0}.Release|Any CPU.ActiveCfg = Release|Any CPU
		{A715E1A6-FD0C-45B8-9C6C-6D08D67887A0}.Release|Any CPU.Build.0 = Release|Any CPU
		{748E8743-2ED9-4609-9066-8C9E5821851F}.Debug|Any CPU.ActiveCfg = Debug|Any CPU
		{748E8743-2ED9-4609-9066-8C9E5821851F}.Debug|Any CPU.Build.0 = Debug|Any CPU
		{748E8743-2ED9-4609-9066-8C9E5821851F}.Release|Any CPU.ActiveCfg = Release|Any CPU
		{748E8743-2ED9-4609-9066-8C9E5821851F}.Release|Any CPU.Build.0 = Release|Any CPU
		{E719A468-915E-4FD2-8DF0-6F89EEE34B6B}.Debug|Any CPU.ActiveCfg = Debug|Any CPU
		{E719A468-915E-4FD2-8DF0-6F89EEE34B6B}.Debug|Any CPU.Build.0 = Debug|Any CPU
		{E719A468-915E-4FD2-8DF0-6F89EEE34B6B}.Release|Any CPU.ActiveCfg = Release|Any CPU
		{E719A468-915E-4FD2-8DF0-6F89EEE34B6B}.Release|Any CPU.Build.0 = Release|Any CPU
		{6DFD7EEB-57CA-42EA-82D0-D3B14C45DDFF}.Debug|Any CPU.ActiveCfg = Debug|Any CPU
		{6DFD7EEB-57CA-42EA-82D0-D3B14C45DDFF}.Debug|Any CPU.Build.0 = Debug|Any CPU
		{6DFD7EEB-57CA-42EA-82D0-D3B14C45DDFF}.Release|Any CPU.ActiveCfg = Release|Any CPU
		{6DFD7EEB-57CA-42EA-82D0-D3B14C45DDFF}.Release|Any CPU.Build.0 = Release|Any CPU
		{88031C6C-50C6-4705-8214-4E42EE6257B7}.Debug|Any CPU.ActiveCfg = Debug|Any CPU
		{88031C6C-50C6-4705-8214-4E42EE6257B7}.Debug|Any CPU.Build.0 = Debug|Any CPU
		{88031C6C-50C6-4705-8214-4E42EE6257B7}.Release|Any CPU.ActiveCfg = Release|Any CPU
		{88031C6C-50C6-4705-8214-4E42EE6257B7}.Release|Any CPU.Build.0 = Release|Any CPU
		{C10AC2C8-91AC-4ED5-9143-B137F97B30D3}.Debug|Any CPU.ActiveCfg = Debug|Any CPU
		{C10AC2C8-91AC-4ED5-9143-B137F97B30D3}.Debug|Any CPU.Build.0 = Debug|Any CPU
		{C10AC2C8-91AC-4ED5-9143-B137F97B30D3}.Release|Any CPU.ActiveCfg = Release|Any CPU
		{C10AC2C8-91AC-4ED5-9143-B137F97B30D3}.Release|Any CPU.Build.0 = Release|Any CPU
		{CB22A0B4-AFA3-46E0-B080-AA1600BC6FA0}.Debug|Any CPU.ActiveCfg = Debug|Any CPU
		{CB22A0B4-AFA3-46E0-B080-AA1600BC6FA0}.Debug|Any CPU.Build.0 = Debug|Any CPU
		{CB22A0B4-AFA3-46E0-B080-AA1600BC6FA0}.Release|Any CPU.ActiveCfg = Release|Any CPU
		{CB22A0B4-AFA3-46E0-B080-AA1600BC6FA0}.Release|Any CPU.Build.0 = Release|Any CPU
		{84714F8B-7491-4E82-8472-571CF35FB55E}.Debug|Any CPU.ActiveCfg = Debug|Any CPU
		{84714F8B-7491-4E82-8472-571CF35FB55E}.Debug|Any CPU.Build.0 = Debug|Any CPU
		{84714F8B-7491-4E82-8472-571CF35FB55E}.Release|Any CPU.ActiveCfg = Release|Any CPU
		{84714F8B-7491-4E82-8472-571CF35FB55E}.Release|Any CPU.Build.0 = Release|Any CPU
		{E5FB1D76-3067-4447-881B-8CEA20FD7BE5}.Debug|Any CPU.ActiveCfg = Debug|Any CPU
		{E5FB1D76-3067-4447-881B-8CEA20FD7BE5}.Debug|Any CPU.Build.0 = Debug|Any CPU
		{E5FB1D76-3067-4447-881B-8CEA20FD7BE5}.Release|Any CPU.ActiveCfg = Release|Any CPU
		{E5FB1D76-3067-4447-881B-8CEA20FD7BE5}.Release|Any CPU.Build.0 = Release|Any CPU
		{84B39F44-9978-436E-81D9-12967C0B318B}.Debug|Any CPU.ActiveCfg = Debug|Any CPU
		{84B39F44-9978-436E-81D9-12967C0B318B}.Debug|Any CPU.Build.0 = Debug|Any CPU
		{84B39F44-9978-436E-81D9-12967C0B318B}.Release|Any CPU.ActiveCfg = Release|Any CPU
		{84B39F44-9978-436E-81D9-12967C0B318B}.Release|Any CPU.Build.0 = Release|Any CPU
		{9BD7E45D-8F08-4A0D-AF5A-DB9AD99ED14F}.Debug|Any CPU.ActiveCfg = Debug|Any CPU
		{9BD7E45D-8F08-4A0D-AF5A-DB9AD99ED14F}.Debug|Any CPU.Build.0 = Debug|Any CPU
		{9BD7E45D-8F08-4A0D-AF5A-DB9AD99ED14F}.Release|Any CPU.ActiveCfg = Release|Any CPU
		{9BD7E45D-8F08-4A0D-AF5A-DB9AD99ED14F}.Release|Any CPU.Build.0 = Release|Any CPU
		{B59E5595-C53A-40A2-BC5A-E47316E92F4F}.Debug|Any CPU.ActiveCfg = Debug|Any CPU
		{B59E5595-C53A-40A2-BC5A-E47316E92F4F}.Debug|Any CPU.Build.0 = Debug|Any CPU
		{B59E5595-C53A-40A2-BC5A-E47316E92F4F}.Release|Any CPU.ActiveCfg = Release|Any CPU
		{B59E5595-C53A-40A2-BC5A-E47316E92F4F}.Release|Any CPU.Build.0 = Release|Any CPU
		{D707D435-C29E-47FC-B1A2-716A6E3768F1}.Debug|Any CPU.ActiveCfg = Debug|Any CPU
		{D707D435-C29E-47FC-B1A2-716A6E3768F1}.Debug|Any CPU.Build.0 = Debug|Any CPU
		{D707D435-C29E-47FC-B1A2-716A6E3768F1}.Release|Any CPU.ActiveCfg = Release|Any CPU
		{D707D435-C29E-47FC-B1A2-716A6E3768F1}.Release|Any CPU.Build.0 = Release|Any CPU
		{8C0C5406-C747-4238-ABFD-DCFAA59AC008}.Debug|Any CPU.ActiveCfg = Debug|Any CPU
		{8C0C5406-C747-4238-ABFD-DCFAA59AC008}.Debug|Any CPU.Build.0 = Debug|Any CPU
		{8C0C5406-C747-4238-ABFD-DCFAA59AC008}.Release|Any CPU.ActiveCfg = Release|Any CPU
		{8C0C5406-C747-4238-ABFD-DCFAA59AC008}.Release|Any CPU.Build.0 = Release|Any CPU
	EndGlobalSection
	GlobalSection(SolutionProperties) = preSolution
		HideSolutionNode = FALSE
	EndGlobalSection
	GlobalSection(NestedProjects) = preSolution
		{A0D2C70A-7211-4D10-B344-DDD35C86E3BB} = {80A6AF8F-0178-4CAD-A448-4431A8036672}
		{DBF314EA-20AC-4751-A133-EC1E707BC5A8} = {80A6AF8F-0178-4CAD-A448-4431A8036672}
		{820937D9-E90C-41B1-B665-7A8333010242} = {80A6AF8F-0178-4CAD-A448-4431A8036672}
		{02CA9341-A892-4FF5-A540-50D8AB0B0525} = {DC3BAF01-A736-40AA-AEB5-F36658F0D5A2}
		{2F958F2F-05A7-45EA-B4AD-65C279B51EA5} = {DC3BAF01-A736-40AA-AEB5-F36658F0D5A2}
		{68B72766-D703-42C2-A59C-34C5B96324BD} = {DC3BAF01-A736-40AA-AEB5-F36658F0D5A2}
		{63375A88-5C47-4DB2-BBC0-6A818116AF19} = {34AECFA1-0910-4420-9B5A-953211EC3F7E}
		{B56220E9-2914-4E17-992D-F593BE9D7DA7} = {34AECFA1-0910-4420-9B5A-953211EC3F7E}
		{B9DD0E81-F820-47FA-A2BE-D238B076E851} = {34AECFA1-0910-4420-9B5A-953211EC3F7E}
		{C673817A-383D-4211-83E8-E5A71A25551E} = {34AECFA1-0910-4420-9B5A-953211EC3F7E}
		{097493A7-BBCE-4293-AF11-00EFD59133AF} = {34AECFA1-0910-4420-9B5A-953211EC3F7E}
		{70039618-07F5-4063-B73D-2FCC46B708A4} = {80A6AF8F-0178-4CAD-A448-4431A8036672}
		{1817E6EB-E2E7-4C4A-BD94-6CF3FA0E7681} = {80A6AF8F-0178-4CAD-A448-4431A8036672}
		{30E682A5-9BF6-4434-BB27-EACDC3231D1C} = {80A6AF8F-0178-4CAD-A448-4431A8036672}
		{D9D81551-2229-4EFE-B658-DC9B150BF414} = {80A6AF8F-0178-4CAD-A448-4431A8036672}
		{A715E1A6-FD0C-45B8-9C6C-6D08D67887A0} = {80A6AF8F-0178-4CAD-A448-4431A8036672}
		{748E8743-2ED9-4609-9066-8C9E5821851F} = {80A6AF8F-0178-4CAD-A448-4431A8036672}
		{E719A468-915E-4FD2-8DF0-6F89EEE34B6B} = {80A6AF8F-0178-4CAD-A448-4431A8036672}
		{6DFD7EEB-57CA-42EA-82D0-D3B14C45DDFF} = {80A6AF8F-0178-4CAD-A448-4431A8036672}
		{88031C6C-50C6-4705-8214-4E42EE6257B7} = {80A6AF8F-0178-4CAD-A448-4431A8036672}
		{C10AC2C8-91AC-4ED5-9143-B137F97B30D3} = {80A6AF8F-0178-4CAD-A448-4431A8036672}
		{CB22A0B4-AFA3-46E0-B080-AA1600BC6FA0} = {A44AA456-BA56-4CD9-A3C5-AB57E1EA41E8}
		{84714F8B-7491-4E82-8472-571CF35FB55E} = {A44AA456-BA56-4CD9-A3C5-AB57E1EA41E8}
		{E5FB1D76-3067-4447-881B-8CEA20FD7BE5} = {7BE5345C-A75F-4D36-ACF0-9F0BFBCCD07D}
		{84B39F44-9978-436E-81D9-12967C0B318B} = {7BE5345C-A75F-4D36-ACF0-9F0BFBCCD07D}
		{9BD7E45D-8F08-4A0D-AF5A-DB9AD99ED14F} = {7BE5345C-A75F-4D36-ACF0-9F0BFBCCD07D}
		{B59E5595-C53A-40A2-BC5A-E47316E92F4F} = {7BE5345C-A75F-4D36-ACF0-9F0BFBCCD07D}
		{D707D435-C29E-47FC-B1A2-716A6E3768F1} = {7BE5345C-A75F-4D36-ACF0-9F0BFBCCD07D}
		{8C0C5406-C747-4238-ABFD-DCFAA59AC008} = {7BE5345C-A75F-4D36-ACF0-9F0BFBCCD07D}
	EndGlobalSection
	GlobalSection(ExtensibilityGlobals) = postSolution
		SolutionGuid = {4A6C58A4-75A7-43F7-A0BC-6443C023C6D8}
	EndGlobalSection
EndGlobal
