
Microsoft Visual Studio Solution File, Format Version 12.00
# Visual Studio Version 17
VisualStudioVersion = 17.4.33103.184
MinimumVisualStudioVersion = 10.0.40219.1
Project("{FAE04EC0-301F-11D3-BF4B-00C04F79EFBC}") = "SealedKeyword", "SealedKeyword\SealedKeyword.csproj", "{84217D94-48CA-4E73-A143-D3E276E99775}"
EndProject
Global
	GlobalSection(SolutionConfigurationPlatforms) = preSolution
		Debug|Any CPU = Debug|Any CPU
		Release|Any CPU = Release|Any CPU
	EndGlobalSection
	GlobalSection(ProjectConfigurationPlatforms) = postSolution
		{84217D94-48CA-4E73-A143-D3E276E99775}.Debug|Any CPU.ActiveCfg = Debug|Any CPU
		{84217D94-48CA-4E73-A143-D3E276E99775}.Debug|Any CPU.Build.0 = Debug|Any CPU
		{84217D94-48CA-4E73-A143-D3E276E99775}.Release|Any CPU.ActiveCfg = Release|Any CPU
		{84217D94-48CA-4E73-A143-D3E276E99775}.Release|Any CPU.Build.0 = Release|Any CPU
	EndGlobalSection
	GlobalSection(SolutionProperties) = preSolution
		HideSolutionNode = FALSE
	EndGlobalSection
	GlobalSection(ExtensibilityGlobals) = postSolution
		SolutionGuid = {91DFC04F-AC33-49D0-90E8-2B41ECCBC96E}
	EndGlobalSection
EndGlobal
